
Microsoft Visual Studio Solution File, Format Version 12.00
# Visual Studio Version 17
VisualStudioVersion = 17.10.35013.160
MinimumVisualStudioVersion = 10.0.40219.1
Project("{FAE04EC0-301F-11D3-BF4B-00C04F79EFBC}") = "EF-FirstTimeTutorial", "EF-FirstTimeTutorial\EF-FirstTimeTutorial.csproj", "{BE3D2BCC-6947-4CED-8A11-6C2DE450122F}"
EndProject
Global
	GlobalSection(SolutionConfigurationPlatforms) = preSolution
		Debug|Any CPU = Debug|Any CPU
		Release|Any CPU = Release|Any CPU
	EndGlobalSection
	GlobalSection(ProjectConfigurationPlatforms) = postSolution
		{BE3D2BCC-6947-4CED-8A11-6C2DE450122F}.Debug|Any CPU.ActiveCfg = Debug|Any CPU
		{BE3D2BCC-6947-4CED-8A11-6C2DE450122F}.Debug|Any CPU.Build.0 = Debug|Any CPU
		{BE3D2BCC-6947-4CED-8A11-6C2DE450122F}.Release|Any CPU.ActiveCfg = Release|Any CPU
		{BE3D2BCC-6947-4CED-8A11-6C2DE450122F}.Release|Any CPU.Build.0 = Release|Any CPU
	EndGlobalSection
	GlobalSection(SolutionProperties) = preSolution
		HideSolutionNode = FALSE
	EndGlobalSection
	GlobalSection(ExtensibilityGlobals) = postSolution
		SolutionGuid = {78F6BAD1-80F6-4428-A26A-42DADE0C8423}
	EndGlobalSection
EndGlobal
